[[dependencies]]
name = "@openzeppelin-contracts"
version = "5.6.1"
url = "https://soldeer-revisions.s3.amazonaws.com/@openzeppelin-contracts/5_6_1_15-03-2026_09:19:50_contracts.zip"
checksum = "a3b6bc661be858c7c27f60a1708cbebe8c71034b4cc1e9fe270d0a05b069352f"
integrity = "bce03af7ada1eee21a7fff393f238bcd7cd75a022a4db55ffb6b0dbb32433d35"

[[dependencies]]
name = "@openzeppelin-contracts-upgradeable"
version = "5.6.1"
url = "https://soldeer-revisions.s3.amazonaws.com/@openzeppelin-contracts-upgradeable/5_6_1_15-03-2026_09:19:56_contracts-upgradeable.zip"
checksum = "f6257dbc993c2499fe08fdc93f66e12459fe3458ee62ce716b92e1d95ee0b504"
integrity = "2f539b6241258fc3c127c97225b3cb1b5e9225e422d2c1cb233c52a6f5c29002"

[[dependencies]]
name = "anoma-forwarder-bases"
version = "1.0.0"
url = "https://soldeer-revisions.s3.amazonaws.com/anoma-forwarder-bases/1_0_0_02-07-2026_14:20:56_contracts.zip"
checksum = "09c648b05a35ddb6ee490438ebb9f7f1b4d503c092cdf248c2de14bf4bb5c6de"
integrity = "cb7b2674e8cff9aee82276899bd168d9d36364002f08547ddd58f12d1021f0ab"

[[dependencies]]
name = "anoma-risc0-deployments"
version = "1.2.0"
url = "https://soldeer-revisions.s3.amazonaws.com/anoma-risc0-deployments/1_2_0_22-06-2026_16:53:44_contracts.zip"
checksum = "b06ad2e3f6d5bc32dc819c2080ccf51b3d0de8a643704fd2d965cadf749709b9"
integrity = "47640eebfc3b0dcee2688874a20b315957a470d4933cce937db30f9d8355e958"

[[dependencies]]
name = "elliptic-curve-solidity"
version = "0.2.5"
git = "https://github.com/witnet/elliptic-curve-solidity"
rev = "347547890840fd501809dfe0b855206407136ec0"

[[dependencies]]
name = "forge-std"
version = "1.16.1"
url = "https://soldeer-revisions.s3.amazonaws.com/forge-std/1_16_1_08-05-2026_08:51:16_forge-std-1.16.zip"
checksum = "839b61832925c7152c7b6dffbfa4998d9e606211179bd8f604733124e8a7cb57"
integrity = "60e55d10150354ca4a1e2985c5456c834b92b82ef85ab0e1d92a7786cddbd219"

[[dependencies]]
name = "openzeppelin-foundry-upgrades"
version = "0.4.1"
url = "https://soldeer-revisions.s3.amazonaws.com/openzeppelin-foundry-upgrades/0_4_1_01-06-2026_15:47:35_oz-pkg.zip"
checksum = "934bc0ecb0f2509c7392c4a7375e6f4a58e532028c16ec42525d77ef9a1abd95"
integrity = "f129a0da6ad83c1e65109daeca385eaafd66d8831dba728f2e35aac67a0f7b71"

[[dependencies]]
name = "risc0-risc0-ethereum"
version = "3.0.1"
url = "https://soldeer-revisions.s3.amazonaws.com/risc0-risc0-ethereum/3_0_1_09-11-2025_11:23:36_risc0-risc0-ethereum-3.0.zip"
checksum = "894cb1442a71fcbef5f7e8984aab7e1cb3079ee8876a080926f0c66e07e50e58"
integrity = "7a0d8ef371dae46afc2b7194737b1b26a8a8c0e77229c1f12f58d7ff359472b8"

[[dependencies]]
name = "solady"
version = "0.1.26"
url = "https://soldeer-revisions.s3.amazonaws.com/solady/0_1_26_25-08-2025_15:30:06_solady.zip"
checksum = "9872ac7cfd32c1eba32800508a1325c49f4a4aa8c6f670454db91971a583e26b"
integrity = "5da4b5ca9cbad98812a4b75ad528ff34c72a0b84433204be6d1420c81de1d6ff"
