version = 1

[[dependencies]]
name = "@openzeppelin-contracts"
version = "5.7.0"
url = "https://soldeer-revisions.s3.amazonaws.com/@openzeppelin-contracts/5_7_0_29-07-2026_19:34:46_contracts.zip"
checksum = "fe08a24bc34334b2976c6ad69a0d74bdfa63de8a5c8528579060f25a11fb5cd5"
integrity = "3e13bc4d96bdef6e35f6b1e0dc0e455843a958edc597750dff20ca50295b767d"

[[dependencies]]
name = "@openzeppelin-contracts-upgradeable"
version = "5.7.0"
url = "https://soldeer-revisions.s3.amazonaws.com/@openzeppelin-contracts-upgradeable/5_7_0_29-07-2026_19:34:58_contracts-upgradeable.zip"
checksum = "fba3ad8586bf64281bab2aecd2cf0eb31227ccc5976f962d400e8cc5898da413"
integrity = "1a08068b2fe262d4f6ae80e0be44965480b1a532d40722c80634d8963337743d"

[[dependencies]]
name = "anoma-forwarder-bases"
version = "3.0.1"
url = "https://soldeer-revisions.s3.amazonaws.com/anoma-forwarder-bases/3_0_1_02-10-2026_07:37:10_contracts.zip"
checksum = "6847369177f5a13d13e95cdf3dbcbbd1cf82c5833afc5e5de8894cee8540cea7"
integrity = "b2448714fd44f39f370b48736bd3047dd8af57461abd2f9301823720191b8194"

[[dependencies]]
name = "anoma-risc0-deployments"
version = "1.2.4"
url = "https://soldeer-revisions.s3.amazonaws.com/anoma-risc0-deployments/1_2_4_01-10-2026_16:03:41_contracts.zip"
checksum = "9ea14846e2d69874963ccf4e4bbe760d2a9b0d49c4430148e97d64f08f72f6b3"
integrity = "40a5b4ec5ef3c6ce51972d78304ca89b72e83d059039fe4041dfc5f956578ab1"

[[dependencies]]
name = "elliptic-curve-solidity"
version = "0.2.5"
git = "https://github.com/witnet/elliptic-curve-solidity"
rev = "347547890840fd501809dfe0b855206407136ec0"

[[dependencies]]
name = "forge-std"
version = "1.17.0"
url = "https://soldeer-revisions.s3.amazonaws.com/forge-std/1_17_0_01-10-2026_10:59:49_forge-std-1.17.zip"
checksum = "a77ad38d5fbef0ec10d1f4d191698e5fbaa2bffbee5d1aced91a39da5e9b908c"
integrity = "fa706c8a7caf3426c90f75e6aafa3224b0a6c899b490800cf6944e4ec42f9344"

[[dependencies]]
name = "openzeppelin-foundry-upgrades"
version = "0.4.2"
url = "https://soldeer-revisions.s3.amazonaws.com/openzeppelin-foundry-upgrades/0_4_2_05-08-2026_15:52:28_openzeppelin-foundry-upgrades.zip"
checksum = "52618e6037df7c02671d94599647ef4caccbcad043ad8d663551275bc47f5a2e"
integrity = "64c8d2d87ba2d2e3ee5946f3638d386e05d0f37b137b0588058b7bbdf7fb233d"

[[dependencies]]
name = "risc0-risc0-ethereum"
version = "3.0.1"
url = "https://soldeer-revisions.s3.amazonaws.com/risc0-risc0-ethereum/3_0_1_09-11-2025_11:23:36_risc0-risc0-ethereum-3.0.zip"
checksum = "894cb1442a71fcbef5f7e8984aab7e1cb3079ee8876a080926f0c66e07e50e58"
integrity = "374345ff10e8661aae5d28498e3e1b841b98d0c274392669579f8bf443b4be0e"

[[dependencies]]
name = "safe-smart-account"
version = "1.5.0"
git = "https://github.com/safe-global/safe-smart-account.git"
rev = "dc437e8fba8b4805d76bcbd1c668c9fd3d1e83be"

[[dependencies]]
name = "safe-utils"
version = "0.0.22"
git = "https://github.com/Recon-Fuzz/safe-utils.git"
rev = "273945a35ade03a78648a350140aace72707d5a7"

[[dependencies]]
name = "solady"
version = "0.1.26"
url = "https://soldeer-revisions.s3.amazonaws.com/solady/0_1_26_25-08-2025_15:30:06_solady.zip"
checksum = "9872ac7cfd32c1eba32800508a1325c49f4a4aa8c6f670454db91971a583e26b"
integrity = "5da4b5ca9cbad98812a4b75ad528ff34c72a0b84433204be6d1420c81de1d6ff"
